
Microsoft Visual Studio Solution File, Format Version 12.00
# Visual Studio Version 17
VisualStudioVersion = 17.10.35027.167
MinimumVisualStudioVersion = 10.0.40219.1
Project("{FAE04EC0-301F-11D3-BF4B-00C04F79EFBC}") = "TestingBgServices", "TestingBgServices\TestingBgServices.csproj", "{B2CFC6C4-9E8E-42D8-9426-C13C0FBC3E73}"
EndProject
Global
	GlobalSection(SolutionConfigurationPlatforms) = preSolution
		Debug|Any CPU = Debug|Any CPU
		Release|Any CPU = Release|Any CPU
	EndGlobalSection
	GlobalSection(ProjectConfigurationPlatforms) = postSolution
		{B2CFC6C4-9E8E-42D8-9426-C13C0FBC3E73}.Debug|Any CPU.ActiveCfg = Debug|Any CPU
		{B2CFC6C4-9E8E-42D8-9426-C13C0FBC3E73}.Debug|Any CPU.Build.0 = Debug|Any CPU
		{B2CFC6C4-9E8E-42D8-9426-C13C0FBC3E73}.Release|Any CPU.ActiveCfg = Release|Any CPU
		{B2CFC6C4-9E8E-42D8-9426-C13C0FBC3E73}.Release|Any CPU.Build.0 = Release|Any CPU
	EndGlobalSection
	GlobalSection(SolutionProperties) = preSolution
		HideSolutionNode = FALSE
	EndGlobalSection
	GlobalSection(ExtensibilityGlobals) = postSolution
		SolutionGuid = {A4BD2D5D-063D-40AF-B452-9473DBF13B65}
	EndGlobalSection
EndGlobal
